
Microsoft Visual Studio Solution File, Format Version 12.00
# Visual Studio Version 17
VisualStudioVersion = 17.4.33403.182
MinimumVisualStudioVersion = 10.0.40219.1
Project("{8BC9CEB8-8B4A-11D0-8D11-00A0C91BC942}") = "DimanaExr", "DimanaExr\DimanaExr.vcxproj", "{69B1A9EC-C3A5-4C92-9AE9-919C696043E3}"
EndProject
Project("{8BC9CEB8-8B4A-11D0-8D11-00A0C91BC942}") = "Exr02", "Exr02\Exr02.vcxproj", "{937548A3-EE2D-4468-AA7C-31E1910C119B}"
EndProject
Global
	GlobalSection(SolutionConfigurationPlatforms) = preSolution
		Debug|x64 = Debug|x64
		Debug|x86 = Debug|x86
		Release|x64 = Release|x64
		Release|x86 = Release|x86
	EndGlobalSection
	GlobalSection(ProjectConfigurationPlatforms) = postSolution
		{69B1A9EC-C3A5-4C92-9AE9-919C696043E3}.Debug|x64.ActiveCfg = Debug|x64
		{69B1A9EC-C3A5-4C92-9AE9-919C696043E3}.Debug|x64.Build.0 = Debug|x64
		{69B1A9EC-C3A5-4C92-9AE9-919C696043E3}.Debug|x86.ActiveCfg = Debug|Win32
		{69B1A9EC-C3A5-4C92-9AE9-919C696043E3}.Debug|x86.Build.0 = Debug|Win32
		{69B1A9EC-C3A5-4C92-9AE9-919C696043E3}.Release|x64.ActiveCfg = Release|x64
		{69B1A9EC-C3A5-4C92-9AE9-919C696043E3}.Release|x64.Build.0 = Release|x64
		{69B1A9EC-C3A5-4C92-9AE9-919C696043E3}.Release|x86.ActiveCfg = Release|Win32
		{69B1A9EC-C3A5-4C92-9AE9-919C696043E3}.Release|x86.Build.0 = Release|Win32
		{937548A3-EE2D-4468-AA7C-31E1910C119B}.Debug|x64.ActiveCfg = Debug|x64
		{937548A3-EE2D-4468-AA7C-31E1910C119B}.Debug|x64.Build.0 = Debug|x64
		{937548A3-EE2D-4468-AA7C-31E1910C119B}.Debug|x86.ActiveCfg = Debug|Win32
		{937548A3-EE2D-4468-AA7C-31E1910C119B}.Debug|x86.Build.0 = Debug|Win32
		{937548A3-EE2D-4468-AA7C-31E1910C119B}.Release|x64.ActiveCfg = Release|x64
		{937548A3-EE2D-4468-AA7C-31E1910C119B}.Release|x64.Build.0 = Release|x64
		{937548A3-EE2D-4468-AA7C-31E1910C119B}.Release|x86.ActiveCfg = Release|Win32
		{937548A3-EE2D-4468-AA7C-31E1910C119B}.Release|x86.Build.0 = Release|Win32
	EndGlobalSection
	GlobalSection(SolutionProperties) = preSolution
		HideSolutionNode = FALSE
	EndGlobalSection
	GlobalSection(ExtensibilityGlobals) = postSolution
		SolutionGuid = {AE04DC7A-6F5E-4970-AF98-BC026C65C39C}
	EndGlobalSection
EndGlobal
