
Microsoft Visual Studio Solution File, Format Version 12.00
# Visual Studio Version 17
VisualStudioVersion = 17.4.33403.182
MinimumVisualStudioVersion = 10.0.40219.1
Project("{8BC9CEB8-8B4A-11D0-8D11-00A0C91BC942}") = "CharStringExercises2.0", "CharStringExercises2.0\CharStringExercises2.0.vcxproj", "{ACD7C168-E2B8-48A1-8A8B-BDD80E3219C3}"
EndProject
Project("{8BC9CEB8-8B4A-11D0-8D11-00A0C91BC942}") = "CharMatrix", "CharMatrix\CharMatrix.vcxproj", "{66BA0764-E8F2-4EAC-B4FE-B3218871F372}"
EndProject
Project("{8BC9CEB8-8B4A-11D0-8D11-00A0C91BC942}") = "TriangleCharMatrix", "TriangleCharMatrix\TriangleCharMatrix.vcxproj", "{2090DA1D-DAC0-4B47-B597-AA6D89AAC203}"
EndProject
Project("{8BC9CEB8-8B4A-11D0-8D11-00A0C91BC942}") = "IndexingString", "IndexingString\IndexingString.vcxproj", "{E68A0822-508E-4FFE-981E-6A42EE2F1236}"
EndProject
Project("{8BC9CEB8-8B4A-11D0-8D11-00A0C91BC942}") = "ConvertingCharOrStringToLowerOrToUpperCase", "ConvertingCharOrStringToLowerOrToUpperCase\ConvertingCharOrStringToLowerOrToUpperCase.vcxproj", "{3E281EE7-296F-47D6-A820-1B302142DFA1}"
EndProject
Project("{8BC9CEB8-8B4A-11D0-8D11-00A0C91BC942}") = "CharIndexDiffrence", "CharIndexDiffrence\CharIndexDiffrence.vcxproj", "{6C7C0B84-2575-4D5F-8D6D-C1C61FC259E9}"
EndProject
Global
	GlobalSection(SolutionConfigurationPlatforms) = preSolution
		Debug|x64 = Debug|x64
		Debug|x86 = Debug|x86
		Release|x64 = Release|x64
		Release|x86 = Release|x86
	EndGlobalSection
	GlobalSection(ProjectConfigurationPlatforms) = postSolution
		{ACD7C168-E2B8-48A1-8A8B-BDD80E3219C3}.Debug|x64.ActiveCfg = Debug|x64
		{ACD7C168-E2B8-48A1-8A8B-BDD80E3219C3}.Debug|x64.Build.0 = Debug|x64
		{ACD7C168-E2B8-48A1-8A8B-BDD80E3219C3}.Debug|x86.ActiveCfg = Debug|Win32
		{ACD7C168-E2B8-48A1-8A8B-BDD80E3219C3}.Debug|x86.Build.0 = Debug|Win32
		{ACD7C168-E2B8-48A1-8A8B-BDD80E3219C3}.Release|x64.ActiveCfg = Release|x64
		{ACD7C168-E2B8-48A1-8A8B-BDD80E3219C3}.Release|x64.Build.0 = Release|x64
		{ACD7C168-E2B8-48A1-8A8B-BDD80E3219C3}.Release|x86.ActiveCfg = Release|Win32
		{ACD7C168-E2B8-48A1-8A8B-BDD80E3219C3}.Release|x86.Build.0 = Release|Win32
		{66BA0764-E8F2-4EAC-B4FE-B3218871F372}.Debug|x64.ActiveCfg = Debug|x64
		{66BA0764-E8F2-4EAC-B4FE-B3218871F372}.Debug|x64.Build.0 = Debug|x64
		{66BA0764-E8F2-4EAC-B4FE-B3218871F372}.Debug|x86.ActiveCfg = Debug|Win32
		{66BA0764-E8F2-4EAC-B4FE-B3218871F372}.Debug|x86.Build.0 = Debug|Win32
		{66BA0764-E8F2-4EAC-B4FE-B3218871F372}.Release|x64.ActiveCfg = Release|x64
		{66BA0764-E8F2-4EAC-B4FE-B3218871F372}.Release|x64.Build.0 = Release|x64
		{66BA0764-E8F2-4EAC-B4FE-B3218871F372}.Release|x86.ActiveCfg = Release|Win32
		{66BA0764-E8F2-4EAC-B4FE-B3218871F372}.Release|x86.Build.0 = Release|Win32
		{2090DA1D-DAC0-4B47-B597-AA6D89AAC203}.Debug|x64.ActiveCfg = Debug|x64
		{2090DA1D-DAC0-4B47-B597-AA6D89AAC203}.Debug|x64.Build.0 = Debug|x64
		{2090DA1D-DAC0-4B47-B597-AA6D89AAC203}.Debug|x86.ActiveCfg = Debug|Win32
		{2090DA1D-DAC0-4B47-B597-AA6D89AAC203}.Debug|x86.Build.0 = Debug|Win32
		{2090DA1D-DAC0-4B47-B597-AA6D89AAC203}.Release|x64.ActiveCfg = Release|x64
		{2090DA1D-DAC0-4B47-B597-AA6D89AAC203}.Release|x64.Build.0 = Release|x64
		{2090DA1D-DAC0-4B47-B597-AA6D89AAC203}.Release|x86.ActiveCfg = Release|Win32
		{2090DA1D-DAC0-4B47-B597-AA6D89AAC203}.Release|x86.Build.0 = Release|Win32
		{E68A0822-508E-4FFE-981E-6A42EE2F1236}.Debug|x64.ActiveCfg = Debug|x64
		{E68A0822-508E-4FFE-981E-6A42EE2F1236}.Debug|x64.Build.0 = Debug|x64
		{E68A0822-508E-4FFE-981E-6A42EE2F1236}.Debug|x86.ActiveCfg = Debug|Win32
		{E68A0822-508E-4FFE-981E-6A42EE2F1236}.Debug|x86.Build.0 = Debug|Win32
		{E68A0822-508E-4FFE-981E-6A42EE2F1236}.Release|x64.ActiveCfg = Release|x64
		{E68A0822-508E-4FFE-981E-6A42EE2F1236}.Release|x64.Build.0 = Release|x64
		{E68A0822-508E-4FFE-981E-6A42EE2F1236}.Release|x86.ActiveCfg = Release|Win32
		{E68A0822-508E-4FFE-981E-6A42EE2F1236}.Release|x86.Build.0 = Release|Win32
		{3E281EE7-296F-47D6-A820-1B302142DFA1}.Debug|x64.ActiveCfg = Debug|x64
		{3E281EE7-296F-47D6-A820-1B302142DFA1}.Debug|x64.Build.0 = Debug|x64
		{3E281EE7-296F-47D6-A820-1B302142DFA1}.Debug|x86.ActiveCfg = Debug|Win32
		{3E281EE7-296F-47D6-A820-1B302142DFA1}.Debug|x86.Build.0 = Debug|Win32
		{3E281EE7-296F-47D6-A820-1B302142DFA1}.Release|x64.ActiveCfg = Release|x64
		{3E281EE7-296F-47D6-A820-1B302142DFA1}.Release|x64.Build.0 = Release|x64
		{3E281EE7-296F-47D6-A820-1B302142DFA1}.Release|x86.ActiveCfg = Release|Win32
		{3E281EE7-296F-47D6-A820-1B302142DFA1}.Release|x86.Build.0 = Release|Win32
		{6C7C0B84-2575-4D5F-8D6D-C1C61FC259E9}.Debug|x64.ActiveCfg = Debug|x64
		{6C7C0B84-2575-4D5F-8D6D-C1C61FC259E9}.Debug|x64.Build.0 = Debug|x64
		{6C7C0B84-2575-4D5F-8D6D-C1C61FC259E9}.Debug|x86.ActiveCfg = Debug|Win32
		{6C7C0B84-2575-4D5F-8D6D-C1C61FC259E9}.Debug|x86.Build.0 = Debug|Win32
		{6C7C0B84-2575-4D5F-8D6D-C1C61FC259E9}.Release|x64.ActiveCfg = Release|x64
		{6C7C0B84-2575-4D5F-8D6D-C1C61FC259E9}.Release|x64.Build.0 = Release|x64
		{6C7C0B84-2575-4D5F-8D6D-C1C61FC259E9}.Release|x86.ActiveCfg = Release|Win32
		{6C7C0B84-2575-4D5F-8D6D-C1C61FC259E9}.Release|x86.Build.0 = Release|Win32
	EndGlobalSection
	GlobalSection(SolutionProperties) = preSolution
		HideSolutionNode = FALSE
	EndGlobalSection
	GlobalSection(ExtensibilityGlobals) = postSolution
		SolutionGuid = {3D23AF1E-CBB6-484F-A536-BD2A355776F1}
	EndGlobalSection
EndGlobal
