
Microsoft Visual Studio Solution File, Format Version 12.00
# Visual Studio Version 17
VisualStudioVersion = 17.4.33403.182
MinimumVisualStudioVersion = 10.0.40219.1
Project("{FAE04EC0-301F-11D3-BF4B-00C04F79EFBC}") = "HotAndCold", "HotAndCold\HotAndCold.csproj", "{028A2CAF-092A-4289-9243-FBD82BA6C696}"
EndProject
Project("{FAE04EC0-301F-11D3-BF4B-00C04F79EFBC}") = "ThreadPrints", "3.ThreadPrints\ThreadPrints.csproj", "{D258B503-2226-4F96-9978-A059797C6087}"
EndProject
Project("{FAE04EC0-301F-11D3-BF4B-00C04F79EFBC}") = "MultipleThreads", "MultipleThreads\MultipleThreads.csproj", "{BF7CEDF8-0348-42F0-8455-F8BCCBB42AFE}"
EndProject
Global
	GlobalSection(SolutionConfigurationPlatforms) = preSolution
		Debug|Any CPU = Debug|Any CPU
		Release|Any CPU = Release|Any CPU
	EndGlobalSection
	GlobalSection(ProjectConfigurationPlatforms) = postSolution
		{028A2CAF-092A-4289-9243-FBD82BA6C696}.Debug|Any CPU.ActiveCfg = Debug|Any CPU
		{028A2CAF-092A-4289-9243-FBD82BA6C696}.Debug|Any CPU.Build.0 = Debug|Any CPU
		{028A2CAF-092A-4289-9243-FBD82BA6C696}.Release|Any CPU.ActiveCfg = Release|Any CPU
		{028A2CAF-092A-4289-9243-FBD82BA6C696}.Release|Any CPU.Build.0 = Release|Any CPU
		{D258B503-2226-4F96-9978-A059797C6087}.Debug|Any CPU.ActiveCfg = Debug|Any CPU
		{D258B503-2226-4F96-9978-A059797C6087}.Debug|Any CPU.Build.0 = Debug|Any CPU
		{D258B503-2226-4F96-9978-A059797C6087}.Release|Any CPU.ActiveCfg = Release|Any CPU
		{D258B503-2226-4F96-9978-A059797C6087}.Release|Any CPU.Build.0 = Release|Any CPU
		{BF7CEDF8-0348-42F0-8455-F8BCCBB42AFE}.Debug|Any CPU.ActiveCfg = Debug|Any CPU
		{BF7CEDF8-0348-42F0-8455-F8BCCBB42AFE}.Debug|Any CPU.Build.0 = Debug|Any CPU
		{BF7CEDF8-0348-42F0-8455-F8BCCBB42AFE}.Release|Any CPU.ActiveCfg = Release|Any CPU
		{BF7CEDF8-0348-42F0-8455-F8BCCBB42AFE}.Release|Any CPU.Build.0 = Release|Any CPU
	EndGlobalSection
	GlobalSection(SolutionProperties) = preSolution
		HideSolutionNode = FALSE
	EndGlobalSection
	GlobalSection(ExtensibilityGlobals) = postSolution
		SolutionGuid = {C7AFE262-4D8C-4526-A418-B1E7760B09A4}
	EndGlobalSection
EndGlobal
