
Microsoft Visual Studio Solution File, Format Version 12.00
# Visual Studio Version 17
VisualStudioVersion = 17.2.32519.379
MinimumVisualStudioVersion = 10.0.40219.1
Project("{FAE04EC0-301F-11D3-BF4B-00C04F79EFBC}") = "AppiumMobileTests", "AppiumMobileTests.csproj", "{FB565241-FFCA-4436-9D3A-8F868E154143}"
EndProject
Global
	GlobalSection(SolutionConfigurationPlatforms) = preSolution
		Debug|Any CPU = Debug|Any CPU
		Release|Any CPU = Release|Any CPU
	EndGlobalSection
	GlobalSection(ProjectConfigurationPlatforms) = postSolution
		{FB565241-FFCA-4436-9D3A-8F868E154143}.Debug|Any CPU.ActiveCfg = Debug|Any CPU
		{FB565241-FFCA-4436-9D3A-8F868E154143}.Debug|Any CPU.Build.0 = Debug|Any CPU
		{FB565241-FFCA-4436-9D3A-8F868E154143}.Release|Any CPU.ActiveCfg = Release|Any CPU
		{FB565241-FFCA-4436-9D3A-8F868E154143}.Release|Any CPU.Build.0 = Release|Any CPU
	EndGlobalSection
	GlobalSection(SolutionProperties) = preSolution
		HideSolutionNode = FALSE
	EndGlobalSection
	GlobalSection(ExtensibilityGlobals) = postSolution
		SolutionGuid = {A11BFC81-D336-403A-8C9F-98E500D31ED9}
	EndGlobalSection
EndGlobal
