
Microsoft Visual Studio Solution File, Format Version 12.00
# Visual Studio Version 17
VisualStudioVersion = 17.4.33403.182
MinimumVisualStudioVersion = 10.0.40219.1
Project("{FAE04EC0-301F-11D3-BF4B-00C04F79EFBC}") = "ASP.NET_AddNumbers", "ASP.NET_AddNumbers\ASP.NET_AddNumbers.csproj", "{103FD33F-9CBB-44A9-BDFA-9CACE66CC682}"
EndProject
Global
	GlobalSection(SolutionConfigurationPlatforms) = preSolution
		Debug|Any CPU = Debug|Any CPU
		Release|Any CPU = Release|Any CPU
	EndGlobalSection
	GlobalSection(ProjectConfigurationPlatforms) = postSolution
		{103FD33F-9CBB-44A9-BDFA-9CACE66CC682}.Debug|Any CPU.ActiveCfg = Debug|Any CPU
		{103FD33F-9CBB-44A9-BDFA-9CACE66CC682}.Debug|Any CPU.Build.0 = Debug|Any CPU
		{103FD33F-9CBB-44A9-BDFA-9CACE66CC682}.Release|Any CPU.ActiveCfg = Release|Any CPU
		{103FD33F-9CBB-44A9-BDFA-9CACE66CC682}.Release|Any CPU.Build.0 = Release|Any CPU
	EndGlobalSection
	GlobalSection(SolutionProperties) = preSolution
		HideSolutionNode = FALSE
	EndGlobalSection
	GlobalSection(ExtensibilityGlobals) = postSolution
		SolutionGuid = {BC3A0104-7098-4777-96BB-D449DA1B65FD}
	EndGlobalSection
EndGlobal
