
Microsoft Visual Studio Solution File, Format Version 12.00
# Visual Studio Version 17
VisualStudioVersion = 17.4.33403.182
MinimumVisualStudioVersion = 10.0.40219.1
Project("{8BC9CEB8-8B4A-11D0-8D11-00A0C91BC942}") = "01.CompareArrays", "IwansWork\IwansWork.vcxproj", "{930D883C-49F0-48A8-ADCE-7D21D5ABC419}"
EndProject
Project("{8BC9CEB8-8B4A-11D0-8D11-00A0C91BC942}") = "02.LongestSequence", "02.LongestSequence\02.LongestSequence.vcxproj", "{4DE130CC-8D93-435C-A7B6-78D1C3D48C0C}"
EndProject
Project("{8BC9CEB8-8B4A-11D0-8D11-00A0C91BC942}") = "03.AboveAverage", "03.AboveAverage\03.AboveAverage.vcxproj", "{A74D3047-E00F-407F-A124-653251590C70}"
EndProject
Project("{8BC9CEB8-8B4A-11D0-8D11-00A0C91BC942}") = "06.ClosestNumbers", "06.ClosestNumbers\06.ClosestNumbers.vcxproj", "{45AD55A2-6994-4407-96AA-2C63AC66143D}"
EndProject
Project("{8BC9CEB8-8B4A-11D0-8D11-00A0C91BC942}") = "07.MinAndMaxNumbers", "MinAndMaxNumbers\MinAndMaxNumbers.vcxproj", "{18622136-C0DD-48DF-9B32-1B7D1472935F}"
EndProject
Global
	GlobalSection(SolutionConfigurationPlatforms) = preSolution
		Debug|x64 = Debug|x64
		Debug|x86 = Debug|x86
		Release|x64 = Release|x64
		Release|x86 = Release|x86
	EndGlobalSection
	GlobalSection(ProjectConfigurationPlatforms) = postSolution
		{930D883C-49F0-48A8-ADCE-7D21D5ABC419}.Debug|x64.ActiveCfg = Debug|x64
		{930D883C-49F0-48A8-ADCE-7D21D5ABC419}.Debug|x64.Build.0 = Debug|x64
		{930D883C-49F0-48A8-ADCE-7D21D5ABC419}.Debug|x86.ActiveCfg = Debug|Win32
		{930D883C-49F0-48A8-ADCE-7D21D5ABC419}.Debug|x86.Build.0 = Debug|Win32
		{930D883C-49F0-48A8-ADCE-7D21D5ABC419}.Release|x64.ActiveCfg = Release|x64
		{930D883C-49F0-48A8-ADCE-7D21D5ABC419}.Release|x64.Build.0 = Release|x64
		{930D883C-49F0-48A8-ADCE-7D21D5ABC419}.Release|x86.ActiveCfg = Release|Win32
		{930D883C-49F0-48A8-ADCE-7D21D5ABC419}.Release|x86.Build.0 = Release|Win32
		{4DE130CC-8D93-435C-A7B6-78D1C3D48C0C}.Debug|x64.ActiveCfg = Debug|x64
		{4DE130CC-8D93-435C-A7B6-78D1C3D48C0C}.Debug|x64.Build.0 = Debug|x64
		{4DE130CC-8D93-435C-A7B6-78D1C3D48C0C}.Debug|x86.ActiveCfg = Debug|Win32
		{4DE130CC-8D93-435C-A7B6-78D1C3D48C0C}.Debug|x86.Build.0 = Debug|Win32
		{4DE130CC-8D93-435C-A7B6-78D1C3D48C0C}.Release|x64.ActiveCfg = Release|x64
		{4DE130CC-8D93-435C-A7B6-78D1C3D48C0C}.Release|x64.Build.0 = Release|x64
		{4DE130CC-8D93-435C-A7B6-78D1C3D48C0C}.Release|x86.ActiveCfg = Release|Win32
		{4DE130CC-8D93-435C-A7B6-78D1C3D48C0C}.Release|x86.Build.0 = Release|Win32
		{A74D3047-E00F-407F-A124-653251590C70}.Debug|x64.ActiveCfg = Debug|x64
		{A74D3047-E00F-407F-A124-653251590C70}.Debug|x64.Build.0 = Debug|x64
		{A74D3047-E00F-407F-A124-653251590C70}.Debug|x86.ActiveCfg = Debug|Win32
		{A74D3047-E00F-407F-A124-653251590C70}.Debug|x86.Build.0 = Debug|Win32
		{A74D3047-E00F-407F-A124-653251590C70}.Release|x64.ActiveCfg = Release|x64
		{A74D3047-E00F-407F-A124-653251590C70}.Release|x64.Build.0 = Release|x64
		{A74D3047-E00F-407F-A124-653251590C70}.Release|x86.ActiveCfg = Release|Win32
		{A74D3047-E00F-407F-A124-653251590C70}.Release|x86.Build.0 = Release|Win32
		{45AD55A2-6994-4407-96AA-2C63AC66143D}.Debug|x64.ActiveCfg = Debug|x64
		{45AD55A2-6994-4407-96AA-2C63AC66143D}.Debug|x64.Build.0 = Debug|x64
		{45AD55A2-6994-4407-96AA-2C63AC66143D}.Debug|x86.ActiveCfg = Debug|Win32
		{45AD55A2-6994-4407-96AA-2C63AC66143D}.Debug|x86.Build.0 = Debug|Win32
		{45AD55A2-6994-4407-96AA-2C63AC66143D}.Release|x64.ActiveCfg = Release|x64
		{45AD55A2-6994-4407-96AA-2C63AC66143D}.Release|x64.Build.0 = Release|x64
		{45AD55A2-6994-4407-96AA-2C63AC66143D}.Release|x86.ActiveCfg = Release|Win32
		{45AD55A2-6994-4407-96AA-2C63AC66143D}.Release|x86.Build.0 = Release|Win32
		{18622136-C0DD-48DF-9B32-1B7D1472935F}.Debug|x64.ActiveCfg = Debug|x64
		{18622136-C0DD-48DF-9B32-1B7D1472935F}.Debug|x64.Build.0 = Debug|x64
		{18622136-C0DD-48DF-9B32-1B7D1472935F}.Debug|x86.ActiveCfg = Debug|Win32
		{18622136-C0DD-48DF-9B32-1B7D1472935F}.Debug|x86.Build.0 = Debug|Win32
		{18622136-C0DD-48DF-9B32-1B7D1472935F}.Release|x64.ActiveCfg = Release|x64
		{18622136-C0DD-48DF-9B32-1B7D1472935F}.Release|x64.Build.0 = Release|x64
		{18622136-C0DD-48DF-9B32-1B7D1472935F}.Release|x86.ActiveCfg = Release|Win32
		{18622136-C0DD-48DF-9B32-1B7D1472935F}.Release|x86.Build.0 = Release|Win32
	EndGlobalSection
	GlobalSection(SolutionProperties) = preSolution
		HideSolutionNode = FALSE
	EndGlobalSection
	GlobalSection(ExtensibilityGlobals) = postSolution
		SolutionGuid = {6C366572-8EEF-4735-AB87-F0F1C9446554}
	EndGlobalSection
EndGlobal
