
Microsoft Visual Studio Solution File, Format Version 12.00
# Visual Studio Version 17
VisualStudioVersion = 17.3.32825.248
MinimumVisualStudioVersion = 10.0.40219.1
Project("{FAE04EC0-301F-11D3-BF4B-00C04F79EFBC}") = "01", "01\01.csproj", "{09926238-0071-448D-B971-F27F784F10C9}"
EndProject
Project("{FAE04EC0-301F-11D3-BF4B-00C04F79EFBC}") = "02", "02\02.csproj", "{B8247ABE-EAF9-4583-82B2-848E5F8706C6}"
EndProject
Global
	GlobalSection(SolutionConfigurationPlatforms) = preSolution
		Debug|Any CPU = Debug|Any CPU
		Release|Any CPU = Release|Any CPU
	EndGlobalSection
	GlobalSection(ProjectConfigurationPlatforms) = postSolution
		{09926238-0071-448D-B971-F27F784F10C9}.Debug|Any CPU.ActiveCfg = Debug|Any CPU
		{09926238-0071-448D-B971-F27F784F10C9}.Debug|Any CPU.Build.0 = Debug|Any CPU
		{09926238-0071-448D-B971-F27F784F10C9}.Release|Any CPU.ActiveCfg = Release|Any CPU
		{09926238-0071-448D-B971-F27F784F10C9}.Release|Any CPU.Build.0 = Release|Any CPU
		{B8247ABE-EAF9-4583-82B2-848E5F8706C6}.Debug|Any CPU.ActiveCfg = Debug|Any CPU
		{B8247ABE-EAF9-4583-82B2-848E5F8706C6}.Debug|Any CPU.Build.0 = Debug|Any CPU
		{B8247ABE-EAF9-4583-82B2-848E5F8706C6}.Release|Any CPU.ActiveCfg = Release|Any CPU
		{B8247ABE-EAF9-4583-82B2-848E5F8706C6}.Release|Any CPU.Build.0 = Release|Any CPU
	EndGlobalSection
	GlobalSection(SolutionProperties) = preSolution
		HideSolutionNode = FALSE
	EndGlobalSection
	GlobalSection(ExtensibilityGlobals) = postSolution
		SolutionGuid = {41AE7AA3-638F-4582-8073-2D04BE5B9527}
	EndGlobalSection
EndGlobal
