
Microsoft Visual Studio Solution File, Format Version 12.00
# Visual Studio Version 17
VisualStudioVersion = 17.4.33403.182
MinimumVisualStudioVersion = 10.0.40219.1
Project("{FAE04EC0-301F-11D3-BF4B-00C04F79EFBC}") = "example", "example\example.csproj", "{C8B5759A-DEE4-4BF8-883A-7F303D036A57}"
EndProject
Global
	GlobalSection(SolutionConfigurationPlatforms) = preSolution
		Debug|Any CPU = Debug|Any CPU
		Release|Any CPU = Release|Any CPU
	EndGlobalSection
	GlobalSection(ProjectConfigurationPlatforms) = postSolution
		{C8B5759A-DEE4-4BF8-883A-7F303D036A57}.Debug|Any CPU.ActiveCfg = Debug|Any CPU
		{C8B5759A-DEE4-4BF8-883A-7F303D036A57}.Debug|Any CPU.Build.0 = Debug|Any CPU
		{C8B5759A-DEE4-4BF8-883A-7F303D036A57}.Release|Any CPU.ActiveCfg = Release|Any CPU
		{C8B5759A-DEE4-4BF8-883A-7F303D036A57}.Release|Any CPU.Build.0 = Release|Any CPU
	EndGlobalSection
	GlobalSection(SolutionProperties) = preSolution
		HideSolutionNode = FALSE
	EndGlobalSection
	GlobalSection(ExtensibilityGlobals) = postSolution
		SolutionGuid = {1B483735-2CDD-4CE2-BC73-D408E0497A86}
	EndGlobalSection
EndGlobal
