
Microsoft Visual Studio Solution File, Format Version 12.00
# Visual Studio Version 17
VisualStudioVersion = 17.4.33110.190
MinimumVisualStudioVersion = 10.0.40219.1
Project("{9A19103F-16F7-4668-BE54-9A1E7A4F7556}") = "01.Task", "01.Task\01.Task.csproj", "{F35BC93E-09A3-42ED-B89A-AC1CBE6F8E19}"
EndProject
Project("{9A19103F-16F7-4668-BE54-9A1E7A4F7556}") = "02.Task", "02.Task\02.Task.csproj", "{DB826A7E-A731-4CA7-84CD-EBAC9274BF95}"
EndProject
Project("{FAE04EC0-301F-11D3-BF4B-00C04F79EFBC}") = "03.ChangeTheTimer", "3.ChangeTheTimer\03.ChangeTheTimer.csproj", "{350C2922-A8A8-4782-AFF1-4BF94EDD5328}"
EndProject
Global
	GlobalSection(SolutionConfigurationPlatforms) = preSolution
		Debug|Any CPU = Debug|Any CPU
		Release|Any CPU = Release|Any CPU
	EndGlobalSection
	GlobalSection(ProjectConfigurationPlatforms) = postSolution
		{F35BC93E-09A3-42ED-B89A-AC1CBE6F8E19}.Debug|Any CPU.ActiveCfg = Debug|Any CPU
		{F35BC93E-09A3-42ED-B89A-AC1CBE6F8E19}.Debug|Any CPU.Build.0 = Debug|Any CPU
		{F35BC93E-09A3-42ED-B89A-AC1CBE6F8E19}.Release|Any CPU.ActiveCfg = Release|Any CPU
		{F35BC93E-09A3-42ED-B89A-AC1CBE6F8E19}.Release|Any CPU.Build.0 = Release|Any CPU
		{DB826A7E-A731-4CA7-84CD-EBAC9274BF95}.Debug|Any CPU.ActiveCfg = Debug|Any CPU
		{DB826A7E-A731-4CA7-84CD-EBAC9274BF95}.Debug|Any CPU.Build.0 = Debug|Any CPU
		{DB826A7E-A731-4CA7-84CD-EBAC9274BF95}.Release|Any CPU.ActiveCfg = Release|Any CPU
		{DB826A7E-A731-4CA7-84CD-EBAC9274BF95}.Release|Any CPU.Build.0 = Release|Any CPU
		{350C2922-A8A8-4782-AFF1-4BF94EDD5328}.Debug|Any CPU.ActiveCfg = Debug|Any CPU
		{350C2922-A8A8-4782-AFF1-4BF94EDD5328}.Debug|Any CPU.Build.0 = Debug|Any CPU
		{350C2922-A8A8-4782-AFF1-4BF94EDD5328}.Release|Any CPU.ActiveCfg = Release|Any CPU
		{350C2922-A8A8-4782-AFF1-4BF94EDD5328}.Release|Any CPU.Build.0 = Release|Any CPU
	EndGlobalSection
	GlobalSection(SolutionProperties) = preSolution
		HideSolutionNode = FALSE
	EndGlobalSection
	GlobalSection(ExtensibilityGlobals) = postSolution
		SolutionGuid = {3DCD8013-D821-4D78-8CCA-A3C11F8873F7}
	EndGlobalSection
EndGlobal
