
Microsoft Visual Studio Solution File, Format Version 12.00
# Visual Studio Version 17
VisualStudioVersion = 17.4.33403.182
MinimumVisualStudioVersion = 10.0.40219.1
Project("{8BC9CEB8-8B4A-11D0-8D11-00A0C91BC942}") = "PrimeNumbers", "MathExercise\MathExercise.vcxproj", "{863F49B9-F1F7-4DB6-A13F-7CBB9784781D}"
EndProject
Project("{8BC9CEB8-8B4A-11D0-8D11-00A0C91BC942}") = "DigitFour", "DigitFour\DigitFour.vcxproj", "{1102A0E5-54F1-4822-BE99-872D5B020724}"
EndProject
Global
	GlobalSection(SolutionConfigurationPlatforms) = preSolution
		Debug|x64 = Debug|x64
		Debug|x86 = Debug|x86
		Release|x64 = Release|x64
		Release|x86 = Release|x86
	EndGlobalSection
	GlobalSection(ProjectConfigurationPlatforms) = postSolution
		{863F49B9-F1F7-4DB6-A13F-7CBB9784781D}.Debug|x64.ActiveCfg = Debug|x64
		{863F49B9-F1F7-4DB6-A13F-7CBB9784781D}.Debug|x64.Build.0 = Debug|x64
		{863F49B9-F1F7-4DB6-A13F-7CBB9784781D}.Debug|x86.ActiveCfg = Debug|Win32
		{863F49B9-F1F7-4DB6-A13F-7CBB9784781D}.Debug|x86.Build.0 = Debug|Win32
		{863F49B9-F1F7-4DB6-A13F-7CBB9784781D}.Release|x64.ActiveCfg = Release|x64
		{863F49B9-F1F7-4DB6-A13F-7CBB9784781D}.Release|x64.Build.0 = Release|x64
		{863F49B9-F1F7-4DB6-A13F-7CBB9784781D}.Release|x86.ActiveCfg = Release|Win32
		{863F49B9-F1F7-4DB6-A13F-7CBB9784781D}.Release|x86.Build.0 = Release|Win32
		{1102A0E5-54F1-4822-BE99-872D5B020724}.Debug|x64.ActiveCfg = Debug|x64
		{1102A0E5-54F1-4822-BE99-872D5B020724}.Debug|x64.Build.0 = Debug|x64
		{1102A0E5-54F1-4822-BE99-872D5B020724}.Debug|x86.ActiveCfg = Debug|Win32
		{1102A0E5-54F1-4822-BE99-872D5B020724}.Debug|x86.Build.0 = Debug|Win32
		{1102A0E5-54F1-4822-BE99-872D5B020724}.Release|x64.ActiveCfg = Release|x64
		{1102A0E5-54F1-4822-BE99-872D5B020724}.Release|x64.Build.0 = Release|x64
		{1102A0E5-54F1-4822-BE99-872D5B020724}.Release|x86.ActiveCfg = Release|Win32
		{1102A0E5-54F1-4822-BE99-872D5B020724}.Release|x86.Build.0 = Release|Win32
	EndGlobalSection
	GlobalSection(SolutionProperties) = preSolution
		HideSolutionNode = FALSE
	EndGlobalSection
	GlobalSection(ExtensibilityGlobals) = postSolution
		SolutionGuid = {40334729-0174-4C03-BD55-B4D77694FC45}
	EndGlobalSection
EndGlobal
